
Microsoft Visual Studio Solution File, Format Version 12.00
# Visual Studio Version 16
VisualStudioVersion = 16.0.30204.135
MinimumVisualStudioVersion = 10.0.40219.1
Project("{FAE04EC0-301F-11D3-BF4B-00C04F79EFBC}") = "IdentityDemo.API", "IdentityDemo.API\IdentityDemo.API.csproj", "{94EF7A4D-9102-4C23-A6C5-D51143993F85}"
EndProject
Project("{FAE04EC0-301F-11D3-BF4B-00C04F79EFBC}") = "IdentityDemo.Shared", "IdentityDemo.Shared\IdentityDemo.Shared.csproj", "{890BDCBE-9228-4C27-B89F-E7931BEB701B}"
EndProject
Project("{FAE04EC0-301F-11D3-BF4B-00C04F79EFBC}") = "IdentityDemo.Client", "IdentityDemo.Client\IdentityDemo.Client.csproj", "{58B05280-C0DE-4E47-B484-B6E46FF2C3DA}"
EndProject
Global
	GlobalSection(SolutionConfigurationPlatforms) = preSolution
		Debug|Any CPU = Debug|Any CPU
		Debug|ARM = Debug|ARM
		Debug|ARM64 = Debug|ARM64
		Debug|x64 = Debug|x64
		Debug|x86 = Debug|x86
		Release|Any CPU = Release|Any CPU
		Release|ARM = Release|ARM
		Release|ARM64 = Release|ARM64
		Release|x64 = Release|x64
		Release|x86 = Release|x86
	EndGlobalSection
	GlobalSection(ProjectConfigurationPlatforms) = postSolution
		{94EF7A4D-9102-4C23-A6C5-D51143993F85}.Debug|Any CPU.ActiveCfg = Debug|Any CPU
		{94EF7A4D-9102-4C23-A6C5-D51143993F85}.Debug|Any CPU.Build.0 = Debug|Any CPU
		{94EF7A4D-9102-4C23-A6C5-D51143993F85}.Debug|ARM.ActiveCfg = Debug|Any CPU
		{94EF7A4D-9102-4C23-A6C5-D51143993F85}.Debug|ARM.Build.0 = Debug|Any CPU
		{94EF7A4D-9102-4C23-A6C5-D51143993F85}.Debug|ARM64.ActiveCfg = Debug|Any CPU
		{94EF7A4D-9102-4C23-A6C5-D51143993F85}.Debug|ARM64.Build.0 = Debug|Any CPU
		{94EF7A4D-9102-4C23-A6C5-D51143993F85}.Debug|x64.ActiveCfg = Debug|Any CPU
		{94EF7A4D-9102-4C23-A6C5-D51143993F85}.Debug|x64.Build.0 = Debug|Any CPU
		{94EF7A4D-9102-4C23-A6C5-D51143993F85}.Debug|x86.ActiveCfg = Debug|Any CPU
		{94EF7A4D-9102-4C23-A6C5-D51143993F85}.Debug|x86.Build.0 = Debug|Any CPU
		{94EF7A4D-9102-4C23-A6C5-D51143993F85}.Release|Any CPU.ActiveCfg = Release|Any CPU
		{94EF7A4D-9102-4C23-A6C5-D51143993F85}.Release|Any CPU.Build.0 = Release|Any CPU
		{94EF7A4D-9102-4C23-A6C5-D51143993F85}.Release|ARM.ActiveCfg = Release|Any CPU
		{94EF7A4D-9102-4C23-A6C5-D51143993F85}.Release|ARM.Build.0 = Release|Any CPU
		{94EF7A4D-9102-4C23-A6C5-D51143993F85}.Release|ARM64.ActiveCfg = Release|Any CPU
		{94EF7A4D-9102-4C23-A6C5-D51143993F85}.Release|ARM64.Build.0 = Release|Any CPU
		{94EF7A4D-9102-4C23-A6C5-D51143993F85}.Release|x64.ActiveCfg = Release|Any CPU
		{94EF7A4D-9102-4C23-A6C5-D51143993F85}.Release|x64.Build.0 = Release|Any CPU
		{94EF7A4D-9102-4C23-A6C5-D51143993F85}.Release|x86.ActiveCfg = Release|Any CPU
		{94EF7A4D-9102-4C23-A6C5-D51143993F85}.Release|x86.Build.0 = Release|Any CPU
		{890BDCBE-9228-4C27-B89F-E7931BEB701B}.Debug|Any CPU.ActiveCfg = Debug|Any CPU
		{890BDCBE-9228-4C27-B89F-E7931BEB701B}.Debug|Any CPU.Build.0 = Debug|Any CPU
		{890BDCBE-9228-4C27-B89F-E7931BEB701B}.Debug|ARM.ActiveCfg = Debug|Any CPU
		{890BDCBE-9228-4C27-B89F-E7931BEB701B}.Debug|ARM.Build.0 = Debug|Any CPU
		{890BDCBE-9228-4C27-B89F-E7931BEB701B}.Debug|ARM64.ActiveCfg = Debug|Any CPU
		{890BDCBE-9228-4C27-B89F-E7931BEB701B}.Debug|ARM64.Build.0 = Debug|Any CPU
		{890BDCBE-9228-4C27-B89F-E7931BEB701B}.Debug|x64.ActiveCfg = Debug|Any CPU
		{890BDCBE-9228-4C27-B89F-E7931BEB701B}.Debug|x64.Build.0 = Debug|Any CPU
		{890BDCBE-9228-4C27-B89F-E7931BEB701B}.Debug|x86.ActiveCfg = Debug|Any CPU
		{890BDCBE-9228-4C27-B89F-E7931BEB701B}.Debug|x86.Build.0 = Debug|Any CPU
		{890BDCBE-9228-4C27-B89F-E7931BEB701B}.Release|Any CPU.ActiveCfg = Release|Any CPU
		{890BDCBE-9228-4C27-B89F-E7931BEB701B}.Release|Any CPU.Build.0 = Release|Any CPU
		{890BDCBE-9228-4C27-B89F-E7931BEB701B}.Release|ARM.ActiveCfg = Release|Any CPU
		{890BDCBE-9228-4C27-B89F-E7931BEB701B}.Release|ARM.Build.0 = Release|Any CPU
		{890BDCBE-9228-4C27-B89F-E7931BEB701B}.Release|ARM64.ActiveCfg = Release|Any CPU
		{890BDCBE-9228-4C27-B89F-E7931BEB701B}.Release|ARM64.Build.0 = Release|Any CPU
		{890BDCBE-9228-4C27-B89F-E7931BEB701B}.Release|x64.ActiveCfg = Release|Any CPU
		{890BDCBE-9228-4C27-B89F-E7931BEB701B}.Release|x64.Build.0 = Release|Any CPU
		{890BDCBE-9228-4C27-B89F-E7931BEB701B}.Release|x86.ActiveCfg = Release|Any CPU
		{890BDCBE-9228-4C27-B89F-E7931BEB701B}.Release|x86.Build.0 = Release|Any CPU
		{58B05280-C0DE-4E47-B484-B6E46FF2C3DA}.Debug|Any CPU.ActiveCfg = Debug|x86
		{58B05280-C0DE-4E47-B484-B6E46FF2C3DA}.Debug|ARM.ActiveCfg = Debug|ARM
		{58B05280-C0DE-4E47-B484-B6E46FF2C3DA}.Debug|ARM.Build.0 = Debug|ARM
		{58B05280-C0DE-4E47-B484-B6E46FF2C3DA}.Debug|ARM.Deploy.0 = Debug|ARM
		{58B05280-C0DE-4E47-B484-B6E46FF2C3DA}.Debug|ARM64.ActiveCfg = Debug|ARM64
		{58B05280-C0DE-4E47-B484-B6E46FF2C3DA}.Debug|ARM64.Build.0 = Debug|ARM64
		{58B05280-C0DE-4E47-B484-B6E46FF2C3DA}.Debug|ARM64.Deploy.0 = Debug|ARM64
		{58B05280-C0DE-4E47-B484-B6E46FF2C3DA}.Debug|x64.ActiveCfg = Debug|x64
		{58B05280-C0DE-4E47-B484-B6E46FF2C3DA}.Debug|x64.Build.0 = Debug|x64
		{58B05280-C0DE-4E47-B484-B6E46FF2C3DA}.Debug|x64.Deploy.0 = Debug|x64
		{58B05280-C0DE-4E47-B484-B6E46FF2C3DA}.Debug|x86.ActiveCfg = Debug|x86
		{58B05280-C0DE-4E47-B484-B6E46FF2C3DA}.Debug|x86.Build.0 = Debug|x86
		{58B05280-C0DE-4E47-B484-B6E46FF2C3DA}.Debug|x86.Deploy.0 = Debug|x86
		{58B05280-C0DE-4E47-B484-B6E46FF2C3DA}.Release|Any CPU.ActiveCfg = Release|x86
		{58B05280-C0DE-4E47-B484-B6E46FF2C3DA}.Release|ARM.ActiveCfg = Release|ARM
		{58B05280-C0DE-4E47-B484-B6E46FF2C3DA}.Release|ARM.Build.0 = Release|ARM
		{58B05280-C0DE-4E47-B484-B6E46FF2C3DA}.Release|ARM.Deploy.0 = Release|ARM
		{58B05280-C0DE-4E47-B484-B6E46FF2C3DA}.Release|ARM64.ActiveCfg = Release|ARM64
		{58B05280-C0DE-4E47-B484-B6E46FF2C3DA}.Release|ARM64.Build.0 = Release|ARM64
		{58B05280-C0DE-4E47-B484-B6E46FF2C3DA}.Release|ARM64.Deploy.0 = Release|ARM64
		{58B05280-C0DE-4E47-B484-B6E46FF2C3DA}.Release|x64.ActiveCfg = Release|x64
		{58B05280-C0DE-4E47-B484-B6E46FF2C3DA}.Release|x64.Build.0 = Release|x64
		{58B05280-C0DE-4E47-B484-B6E46FF2C3DA}.Release|x64.Deploy.0 = Release|x64
		{58B05280-C0DE-4E47-B484-B6E46FF2C3DA}.Release|x86.ActiveCfg = Release|x86
		{58B05280-C0DE-4E47-B484-B6E46FF2C3DA}.Release|x86.Build.0 = Release|x86
		{58B05280-C0DE-4E47-B484-B6E46FF2C3DA}.Release|x86.Deploy.0 = Release|x86
	EndGlobalSection
	GlobalSection(SolutionProperties) = preSolution
		HideSolutionNode = FALSE
	EndGlobalSection
	GlobalSection(ExtensibilityGlobals) = postSolution
		SolutionGuid = {2F11460E-D58F-495A-BBB8-64FFE14380D8}
	EndGlobalSection
EndGlobal
